
Microsoft Visual Studio Solution File, Format Version 12.00
# Visual Studio Version 17
VisualStudioVersion = 17.13.35825.156 d17.13
MinimumVisualStudioVersion = 10.0.40219.1
Project("{FAE04EC0-301F-11D3-BF4B-00C04F79EFBC}") = "IHM_Footies", "IHM\IHM_Footies.csproj", "{3FCA52F6-4DB1-4333-855E-C72BFFDBE0B9}"
EndProject
Project("{FAE04EC0-301F-11D3-BF4B-00C04F79EFBC}") = "METIER_Footies", "METIER\METIER_Footies.csproj", "{F8047C97-2268-4C43-87B3-EFB3185A7905}"
EndProject
Project("{FAE04EC0-301F-11D3-BF4B-00C04F79EFBC}") = "UnitTest_Footies", "UnitTest\UnitTest_Footies.csproj", "{272A93A4-C257-4E19-A373-B70982F9124E}"
EndProject
Project("{FAE04EC0-301F-11D3-BF4B-00C04F79EFBC}") = "VM_Footies", "VM\VM_Footies.csproj", "{C9044CD3-A713-4585-86A0-43BDCD5883F9}"
EndProject
Global
	GlobalSection(SolutionConfigurationPlatforms) = preSolution
		Debug|Any CPU = Debug|Any CPU
		Release|Any CPU = Release|Any CPU
	EndGlobalSection
	GlobalSection(ProjectConfigurationPlatforms) = postSolution
		{3FCA52F6-4DB1-4333-855E-C72BFFDBE0B9}.Debug|Any CPU.ActiveCfg = Debug|Any CPU
		{3FCA52F6-4DB1-4333-855E-C72BFFDBE0B9}.Debug|Any CPU.Build.0 = Debug|Any CPU
		{3FCA52F6-4DB1-4333-855E-C72BFFDBE0B9}.Release|Any CPU.ActiveCfg = Release|Any CPU
		{3FCA52F6-4DB1-4333-855E-C72BFFDBE0B9}.Release|Any CPU.Build.0 = Release|Any CPU
		{F8047C97-2268-4C43-87B3-EFB3185A7905}.Debug|Any CPU.ActiveCfg = Debug|Any CPU
		{F8047C97-2268-4C43-87B3-EFB3185A7905}.Debug|Any CPU.Build.0 = Debug|Any CPU
		{F8047C97-2268-4C43-87B3-EFB3185A7905}.Release|Any CPU.ActiveCfg = Release|Any CPU
		{F8047C97-2268-4C43-87B3-EFB3185A7905}.Release|Any CPU.Build.0 = Release|Any CPU
		{272A93A4-C257-4E19-A373-B70982F9124E}.Debug|Any CPU.ActiveCfg = Debug|Any CPU
		{272A93A4-C257-4E19-A373-B70982F9124E}.Debug|Any CPU.Build.0 = Debug|Any CPU
		{272A93A4-C257-4E19-A373-B70982F9124E}.Release|Any CPU.ActiveCfg = Release|Any CPU
		{272A93A4-C257-4E19-A373-B70982F9124E}.Release|Any CPU.Build.0 = Release|Any CPU
		{C9044CD3-A713-4585-86A0-43BDCD5883F9}.Debug|Any CPU.ActiveCfg = Debug|Any CPU
		{C9044CD3-A713-4585-86A0-43BDCD5883F9}.Debug|Any CPU.Build.0 = Debug|Any CPU
		{C9044CD3-A713-4585-86A0-43BDCD5883F9}.Release|Any CPU.ActiveCfg = Release|Any CPU
		{C9044CD3-A713-4585-86A0-43BDCD5883F9}.Release|Any CPU.Build.0 = Release|Any CPU
	EndGlobalSection
	GlobalSection(SolutionProperties) = preSolution
		HideSolutionNode = FALSE
	EndGlobalSection
	GlobalSection(ExtensibilityGlobals) = postSolution
		SolutionGuid = {6D9C0393-E41C-4F8B-BADB-58CAD128AAEE}
	EndGlobalSection
EndGlobal
